// !$*UTF8*$!
{
	archiveVersion = 1;
	classes = {
	};
	objectVersion = 55;
	objects = {

/* Begin PBXBuildFile section */
		5617B74D28C0B53B009C1613 /* Modifire_File.swift in Sources */ = {isa = PBXBuildFile; fileRef = 5617B74C28C0B53B009C1613 /* Modifire_File.swift */; };
		5617B75028C0C597009C1613 /* ViewModifireView.swift in Sources */ = {isa = PBXBuildFile; fileRef = 5617B74F28C0C597009C1613 /* ViewModifireView.swift */; };
		5617B75328C0C9D8009C1613 /* TextModifires.swift in Sources */ = {isa = PBXBuildFile; fileRef = 5617B75228C0C9D8009C1613 /* TextModifires.swift */; };
		5617B75528C0CB72009C1613 /* GeneralModifire.swift in Sources */ = {isa = PBXBuildFile; fileRef = 5617B75428C0CB72009C1613 /* GeneralModifire.swift */; };
		5677DC3028C8B005006E4FDC /* GroupBox_View.swift in Sources */ = {isa = PBXBuildFile; fileRef = 5677DC2F28C8B005006E4FDC /* GroupBox_View.swift */; };
		5677DC3328C8B781006E4FDC /* Link_View.swift in Sources */ = {isa = PBXBuildFile; fileRef = 5677DC3228C8B781006E4FDC /* Link_View.swift */; };
		5677DC3628C8BB09006E4FDC /* Menu_View.swift in Sources */ = {isa = PBXBuildFile; fileRef = 5677DC3528C8BB09006E4FDC /* Menu_View.swift */; };
		5677DC3928C8D50C006E4FDC /* OutlineGroup_View.swift in Sources */ = {isa = PBXBuildFile; fileRef = 5677DC3828C8D50C006E4FDC /* OutlineGroup_View.swift */; };
		5677DC3C28C8DD6A006E4FDC /* ProgressView_View.swift in Sources */ = {isa = PBXBuildFile; fileRef = 5677DC3B28C8DD6A006E4FDC /* ProgressView_View.swift */; };
		5677DC3F28C8DE21006E4FDC /* ColorPicker_View.swift in Sources */ = {isa = PBXBuildFile; fileRef = 5677DC3E28C8DE21006E4FDC /* ColorPicker_View.swift */; };
		5677DC4228C8E2AD006E4FDC /* TextEditor_View.swift in Sources */ = {isa = PBXBuildFile; fileRef = 5677DC4128C8E2AD006E4FDC /* TextEditor_View.swift */; };
		5677DC4528C8E33D006E4FDC /* Toggle.swift in Sources */ = {isa = PBXBuildFile; fileRef = 5677DC4428C8E33D006E4FDC /* Toggle.swift */; };
		569D7F9728C72D9300E0BA4A /* TextFieldView.swift in Sources */ = {isa = PBXBuildFile; fileRef = 569D7F9628C72D9300E0BA4A /* TextFieldView.swift */; };
		569D7F9928C78CE800E0BA4A /* Label_View.swift in Sources */ = {isa = PBXBuildFile; fileRef = 569D7F9828C78CE800E0BA4A /* Label_View.swift */; };
		569D7F9D28C7941500E0BA4A /* DisclosureGroup_View.swift in Sources */ = {isa = PBXBuildFile; fileRef = 569D7F9C28C7941500E0BA4A /* DisclosureGroup_View.swift */; };
		569D7FA028C7987700E0BA4A /* Form_View.swift in Sources */ = {isa = PBXBuildFile; fileRef = 569D7F9F28C7987700E0BA4A /* Form_View.swift */; };
		56B8C3A728B8CD020052B2CC /* SwiftUIComponentApp.swift in Sources */ = {isa = PBXBuildFile; fileRef = 56B8C3A628B8CD020052B2CC /* SwiftUIComponentApp.swift */; };
		56B8C3A928B8CD020052B2CC /* ContentView.swift in Sources */ = {isa = PBXBuildFile; fileRef = 56B8C3A828B8CD020052B2CC /* ContentView.swift */; };
		56B8C3AB28B8CD040052B2CC /* Assets.xcassets in Resources */ = {isa = PBXBuildFile; fileRef = 56B8C3AA28B8CD040052B2CC /* Assets.xcassets */; };
		56B8C3AE28B8CD040052B2CC /* Preview Assets.xcassets in Resources */ = {isa = PBXBuildFile; fileRef = 56B8C3AD28B8CD040052B2CC /* Preview Assets.xcassets */; };
		56B8C3B928B8D0BC0052B2CC /* Builder_File.swift in Sources */ = {isa = PBXBuildFile; fileRef = 56B8C3B828B8D0BC0052B2CC /* Builder_File.swift */; };
		56C3410228BE1E1C002F18DA /* landmarkData.json in Resources */ = {isa = PBXBuildFile; fileRef = 56C3410128BE1E1C002F18DA /* landmarkData.json */; };
		56C3410428BE1ECE002F18DA /* ModelData.swift in Sources */ = {isa = PBXBuildFile; fileRef = 56C3410328BE1ECE002F18DA /* ModelData.swift */; };
		56C3410628BE1EEA002F18DA /* Landmark.swift in Sources */ = {isa = PBXBuildFile; fileRef = 56C3410528BE1EEA002F18DA /* Landmark.swift */; };
		56C3410928BE1F5B002F18DA /* MainViewBuilder.swift in Sources */ = {isa = PBXBuildFile; fileRef = 56C3410828BE1F5B002F18DA /* MainViewBuilder.swift */; };
		56C3410B28BE204C002F18DA /* AllList.swift in Sources */ = {isa = PBXBuildFile; fileRef = 56C3410A28BE204C002F18DA /* AllList.swift */; };
		56C3410D28BE206B002F18DA /* FavouriteList.swift in Sources */ = {isa = PBXBuildFile; fileRef = 56C3410C28BE206B002F18DA /* FavouriteList.swift */; };
		56C3410F28BE20A8002F18DA /* SearchList.swift in Sources */ = {isa = PBXBuildFile; fileRef = 56C3410E28BE20A8002F18DA /* SearchList.swift */; };
		56C3411228BE49B5002F18DA /* LandMarkList.swift in Sources */ = {isa = PBXBuildFile; fileRef = 56C3411128BE49B5002F18DA /* LandMarkList.swift */; };
		56C3411528BE4C3E002F18DA /* LandMarkCell.swift in Sources */ = {isa = PBXBuildFile; fileRef = 56C3411428BE4C3E002F18DA /* LandMarkCell.swift */; };
		56C4D86028C6276100F790E6 /* ButtonView.swift in Sources */ = {isa = PBXBuildFile; fileRef = 56C4D85F28C6276100F790E6 /* ButtonView.swift */; };
		56C6496328C9F539003186EA /* Stepper_View.swift in Sources */ = {isa = PBXBuildFile; fileRef = 56C6496228C9F539003186EA /* Stepper_View.swift */; };
		56C6496628C9F805003186EA /* TabView_View.swift in Sources */ = {isa = PBXBuildFile; fileRef = 56C6496528C9F805003186EA /* TabView_View.swift */; };
		56C6496928CA0212003186EA /* List_View.swift in Sources */ = {isa = PBXBuildFile; fileRef = 56C6496828CA0212003186EA /* List_View.swift */; };
		56C6496C28CA159C003186EA /* ScrollViewProxy.swift in Sources */ = {isa = PBXBuildFile; fileRef = 56C6496B28CA159C003186EA /* ScrollViewProxy.swift */; };
		56F20DFE28C9C96F00E5A99D /* Text_View.swift in Sources */ = {isa = PBXBuildFile; fileRef = 56F20DFD28C9C96F00E5A99D /* Text_View.swift */; };
		56F9325328C2397500A6679E /* ComponentsDetails.swift in Sources */ = {isa = PBXBuildFile; fileRef = 56F9325228C2397500A6679E /* ComponentsDetails.swift */; };
/* End PBXBuildFile section */

/* Begin PBXFileReference section */
		5617B74C28C0B53B009C1613 /* Modifire_File.swift */ = {isa = PBXFileReference; lastKnownFileType = sourcecode.swift; path = Modifire_File.swift; sourceTree = "<group>"; };
		5617B74F28C0C597009C1613 /* ViewModifireView.swift */ = {isa = PBXFileReference; lastKnownFileType = sourcecode.swift; path = ViewModifireView.swift; sourceTree = "<group>"; };
		5617B75228C0C9D8009C1613 /* TextModifires.swift */ = {isa = PBXFileReference; lastKnownFileType = sourcecode.swift; path = TextModifires.swift; sourceTree = "<group>"; };
		5617B75428C0CB72009C1613 /* GeneralModifire.swift */ = {isa = PBXFileReference; lastKnownFileType = sourcecode.swift; path = GeneralModifire.swift; sourceTree = "<group>"; };
		5677DC2F28C8B005006E4FDC /* GroupBox_View.swift */ = {isa = PBXFileReference; lastKnownFileType = sourcecode.swift; path = GroupBox_View.swift; sourceTree = "<group>"; };
		5677DC3228C8B781006E4FDC /* Link_View.swift */ = {isa = PBXFileReference; lastKnownFileType = sourcecode.swift; path = Link_View.swift; sourceTree = "<group>"; };
		5677DC3528C8BB09006E4FDC /* Menu_View.swift */ = {isa = PBXFileReference; lastKnownFileType = sourcecode.swift; path = Menu_View.swift; sourceTree = "<group>"; };
		5677DC3828C8D50C006E4FDC /* OutlineGroup_View.swift */ = {isa = PBXFileReference; lastKnownFileType = sourcecode.swift; path = OutlineGroup_View.swift; sourceTree = "<group>"; };
		5677DC3B28C8DD6A006E4FDC /* ProgressView_View.swift */ = {isa = PBXFileReference; lastKnownFileType = sourcecode.swift; path = ProgressView_View.swift; sourceTree = "<group>"; };
		5677DC3E28C8DE21006E4FDC /* ColorPicker_View.swift */ = {isa = PBXFileReference; lastKnownFileType = sourcecode.swift; path = ColorPicker_View.swift; sourceTree = "<group>"; };
		5677DC4128C8E2AD006E4FDC /* TextEditor_View.swift */ = {isa = PBXFileReference; lastKnownFileType = sourcecode.swift; path = TextEditor_View.swift; sourceTree = "<group>"; };
		5677DC4428C8E33D006E4FDC /* Toggle.swift */ = {isa = PBXFileReference; lastKnownFileType = sourcecode.swift; path = Toggle.swift; sourceTree = "<group>"; };
		569D7F9628C72D9300E0BA4A /* TextFieldView.swift */ = {isa = PBXFileReference; lastKnownFileType = sourcecode.swift; path = TextFieldView.swift; sourceTree = "<group>"; };
		569D7F9828C78CE800E0BA4A /* Label_View.swift */ = {isa = PBXFileReference; lastKnownFileType = sourcecode.swift; path = Label_View.swift; sourceTree = "<group>"; };
		569D7F9C28C7941500E0BA4A /* DisclosureGroup_View.swift */ = {isa = PBXFileReference; lastKnownFileType = sourcecode.swift; path = DisclosureGroup_View.swift; sourceTree = "<group>"; };
		569D7F9F28C7987700E0BA4A /* Form_View.swift */ = {isa = PBXFileReference; lastKnownFileType = sourcecode.swift; path = Form_View.swift; sourceTree = "<group>"; };
		56B8C3A328B8CD020052B2CC /* SwiftUIComponent.app */ = {isa = PBXFileReference; explicitFileType = wrapper.application; includeInIndex = 0; path = SwiftUIComponent.app; sourceTree = BUILT_PRODUCTS_DIR; };
		56B8C3A628B8CD020052B2CC /* SwiftUIComponentApp.swift */ = {isa = PBXFileReference; lastKnownFileType = sourcecode.swift; path = SwiftUIComponentApp.swift; sourceTree = "<group>"; };
		56B8C3A828B8CD020052B2CC /* ContentView.swift */ = {isa = PBXFileReference; lastKnownFileType = sourcecode.swift; path = ContentView.swift; sourceTree = "<group>"; };
		56B8C3AA28B8CD040052B2CC /* Assets.xcassets */ = {isa = PBXFileReference; lastKnownFileType = folder.assetcatalog; path = Assets.xcassets; sourceTree = "<group>"; };
		56B8C3AD28B8CD040052B2CC /* Preview Assets.xcassets */ = {isa = PBXFileReference; lastKnownFileType = folder.assetcatalog; path = "Preview Assets.xcassets"; sourceTree = "<group>"; };
		56B8C3B828B8D0BC0052B2CC /* Builder_File.swift */ = {isa = PBXFileReference; lastKnownFileType = sourcecode.swift; path = Builder_File.swift; sourceTree = "<group>"; };
		56C3410128BE1E1C002F18DA /* landmarkData.json */ = {isa = PBXFileReference; fileEncoding = 4; lastKnownFileType = text.json; path = landmarkData.json; sourceTree = "<group>"; };
		56C3410328BE1ECE002F18DA /* ModelData.swift */ = {isa = PBXFileReference; fileEncoding = 4; lastKnownFileType = sourcecode.swift; path = ModelData.swift; sourceTree = "<group>"; };
		56C3410528BE1EEA002F18DA /* Landmark.swift */ = {isa = PBXFileReference; fileEncoding = 4; lastKnownFileType = sourcecode.swift; path = Landmark.swift; sourceTree = "<group>"; };
		56C3410828BE1F5B002F18DA /* MainViewBuilder.swift */ = {isa = PBXFileReference; lastKnownFileType = sourcecode.swift; path = MainViewBuilder.swift; sourceTree = "<group>"; };
		56C3410A28BE204C002F18DA /* AllList.swift */ = {isa = PBXFileReference; lastKnownFileType = sourcecode.swift; path = AllList.swift; sourceTree = "<group>"; };
		56C3410C28BE206B002F18DA /* FavouriteList.swift */ = {isa = PBXFileReference; lastKnownFileType = sourcecode.swift; path = FavouriteList.swift; sourceTree = "<group>"; };
		56C3410E28BE20A8002F18DA /* SearchList.swift */ = {isa = PBXFileReference; lastKnownFileType = sourcecode.swift; path = SearchList.swift; sourceTree = "<group>"; };
		56C3411128BE49B5002F18DA /* LandMarkList.swift */ = {isa = PBXFileReference; lastKnownFileType = sourcecode.swift; path = LandMarkList.swift; sourceTree = "<group>"; };
		56C3411428BE4C3E002F18DA /* LandMarkCell.swift */ = {isa = PBXFileReference; lastKnownFileType = sourcecode.swift; path = LandMarkCell.swift; sourceTree = "<group>"; };
		56C4D85F28C6276100F790E6 /* ButtonView.swift */ = {isa = PBXFileReference; lastKnownFileType = sourcecode.swift; path = ButtonView.swift; sourceTree = "<group>"; };
		56C6496228C9F539003186EA /* Stepper_View.swift */ = {isa = PBXFileReference; lastKnownFileType = sourcecode.swift; path = Stepper_View.swift; sourceTree = "<group>"; };
		56C6496528C9F805003186EA /* TabView_View.swift */ = {isa = PBXFileReference; lastKnownFileType = sourcecode.swift; path = TabView_View.swift; sourceTree = "<group>"; };
		56C6496828CA0212003186EA /* List_View.swift */ = {isa = PBXFileReference; lastKnownFileType = sourcecode.swift; path = List_View.swift; sourceTree = "<group>"; };
		56C6496B28CA159C003186EA /* ScrollViewProxy.swift */ = {isa = PBXFileReference; lastKnownFileType = sourcecode.swift; path = ScrollViewProxy.swift; sourceTree = "<group>"; };
		56F20DFD28C9C96F00E5A99D /* Text_View.swift */ = {isa = PBXFileReference; lastKnownFileType = sourcecode.swift; path = Text_View.swift; sourceTree = "<group>"; };
		56F9325228C2397500A6679E /* ComponentsDetails.swift */ = {isa = PBXFileReference; lastKnownFileType = sourcecode.swift; path = ComponentsDetails.swift; sourceTree = "<group>"; };
/* End PBXFileReference section */

/* Begin PBXFrameworksBuildPhase section */
		56B8C3A028B8CD020052B2CC /* Frameworks */ = {
			isa = PBXFrameworksBuildPhase;
			buildActionMask = 2147483647;
			files = (
			);
			runOnlyForDeploymentPostprocessing = 0;
		};
/* End PBXFrameworksBuildPhase section */

/* Begin PBXGroup section */
		5617B74A28C0B3AB009C1613 /* ViewModifire */ = {
			isa = PBXGroup;
			children = (
				5617B74C28C0B53B009C1613 /* Modifire_File.swift */,
				5617B74E28C0C52B009C1613 /* ViewModifireUses */,
			);
			path = ViewModifire;
			sourceTree = "<group>";
		};
		5617B74E28C0C52B009C1613 /* ViewModifireUses */ = {
			isa = PBXGroup;
			children = (
				5617B74F28C0C597009C1613 /* ViewModifireView.swift */,
				5617B75128C0C9A1009C1613 /* Modifires */,
			);
			path = ViewModifireUses;
			sourceTree = "<group>";
		};
		5617B75128C0C9A1009C1613 /* Modifires */ = {
			isa = PBXGroup;
			children = (
				5617B75228C0C9D8009C1613 /* TextModifires.swift */,
				5617B75428C0CB72009C1613 /* GeneralModifire.swift */,
			);
			path = Modifires;
			sourceTree = "<group>";
		};
		5677DC2E28C8AFF6006E4FDC /* GroupBox */ = {
			isa = PBXGroup;
			children = (
				5677DC2F28C8B005006E4FDC /* GroupBox_View.swift */,
			);
			path = GroupBox;
			sourceTree = "<group>";
		};
		5677DC3128C8B76D006E4FDC /* Link */ = {
			isa = PBXGroup;
			children = (
				5677DC3228C8B781006E4FDC /* Link_View.swift */,
			);
			path = Link;
			sourceTree = "<group>";
		};
		5677DC3428C8BAF4006E4FDC /* Menu */ = {
			isa = PBXGroup;
			children = (
				5677DC3528C8BB09006E4FDC /* Menu_View.swift */,
			);
			path = Menu;
			sourceTree = "<group>";
		};
		5677DC3728C8D4F7006E4FDC /* OutlineGroup */ = {
			isa = PBXGroup;
			children = (
				5677DC3828C8D50C006E4FDC /* OutlineGroup_View.swift */,
			);
			path = OutlineGroup;
			sourceTree = "<group>";
		};
		5677DC3A28C8DD58006E4FDC /* ProgressView */ = {
			isa = PBXGroup;
			children = (
				5677DC3B28C8DD6A006E4FDC /* ProgressView_View.swift */,
			);
			path = ProgressView;
			sourceTree = "<group>";
		};
		5677DC3D28C8DE13006E4FDC /* ColorPicker */ = {
			isa = PBXGroup;
			children = (
				5677DC3E28C8DE21006E4FDC /* ColorPicker_View.swift */,
			);
			path = ColorPicker;
			sourceTree = "<group>";
		};
		5677DC4028C8E292006E4FDC /* TextEditor */ = {
			isa = PBXGroup;
			children = (
				5677DC4128C8E2AD006E4FDC /* TextEditor_View.swift */,
			);
			path = TextEditor;
			sourceTree = "<group>";
		};
		5677DC4328C8E329006E4FDC /* Toggle */ = {
			isa = PBXGroup;
			children = (
				5677DC4428C8E33D006E4FDC /* Toggle.swift */,
			);
			path = Toggle;
			sourceTree = "<group>";
		};
		569D7F9528C72D7400E0BA4A /* TextField */ = {
			isa = PBXGroup;
			children = (
				569D7F9628C72D9300E0BA4A /* TextFieldView.swift */,
			);
			path = TextField;
			sourceTree = "<group>";
		};
		569D7F9A28C78CEF00E0BA4A /* Label */ = {
			isa = PBXGroup;
			children = (
				569D7F9828C78CE800E0BA4A /* Label_View.swift */,
			);
			path = Label;
			sourceTree = "<group>";
		};
		569D7F9B28C7940100E0BA4A /* DisclosureGroup */ = {
			isa = PBXGroup;
			children = (
				569D7F9C28C7941500E0BA4A /* DisclosureGroup_View.swift */,
			);
			path = DisclosureGroup;
			sourceTree = "<group>";
		};
		569D7F9E28C7986000E0BA4A /* Form */ = {
			isa = PBXGroup;
			children = (
				569D7F9F28C7987700E0BA4A /* Form_View.swift */,
			);
			path = Form;
			sourceTree = "<group>";
		};
		56B8C39A28B8CD020052B2CC = {
			isa = PBXGroup;
			children = (
				56B8C3A528B8CD020052B2CC /* SwiftUIComponent */,
				56B8C3A428B8CD020052B2CC /* Products */,
			);
			sourceTree = "<group>";
		};
		56B8C3A428B8CD020052B2CC /* Products */ = {
			isa = PBXGroup;
			children = (
				56B8C3A328B8CD020052B2CC /* SwiftUIComponent.app */,
			);
			name = Products;
			sourceTree = "<group>";
		};
		56B8C3A528B8CD020052B2CC /* SwiftUIComponent */ = {
			isa = PBXGroup;
			children = (
				56F9325228C2397500A6679E /* ComponentsDetails.swift */,
				56B8C3B528B8CD570052B2CC /* Code */,
				56B8C3B428B8CD1D0052B2CC /* Resources */,
				56B8C3AC28B8CD040052B2CC /* Preview Content */,
			);
			path = SwiftUIComponent;
			sourceTree = "<group>";
		};
		56B8C3AC28B8CD040052B2CC /* Preview Content */ = {
			isa = PBXGroup;
			children = (
				56B8C3AD28B8CD040052B2CC /* Preview Assets.xcassets */,
			);
			path = "Preview Content";
			sourceTree = "<group>";
		};
		56B8C3B428B8CD1D0052B2CC /* Resources */ = {
			isa = PBXGroup;
			children = (
				56C3410528BE1EEA002F18DA /* Landmark.swift */,
				56C3410328BE1ECE002F18DA /* ModelData.swift */,
				56C3410128BE1E1C002F18DA /* landmarkData.json */,
				56B8C3AA28B8CD040052B2CC /* Assets.xcassets */,
			);
			path = Resources;
			sourceTree = "<group>";
		};
		56B8C3B528B8CD570052B2CC /* Code */ = {
			isa = PBXGroup;
			children = (
				56C6496028C9F433003186EA /* Controls */,
				5617B74A28C0B3AB009C1613 /* ViewModifire */,
				56B8C3B728B8CD890052B2CC /* ViewBuilder */,
				56B8C3B628B8CD5E0052B2CC /* Base */,
			);
			path = Code;
			sourceTree = "<group>";
		};
		56B8C3B628B8CD5E0052B2CC /* Base */ = {
			isa = PBXGroup;
			children = (
				56B8C3A628B8CD020052B2CC /* SwiftUIComponentApp.swift */,
				56B8C3A828B8CD020052B2CC /* ContentView.swift */,
			);
			path = Base;
			sourceTree = "<group>";
		};
		56B8C3B728B8CD890052B2CC /* ViewBuilder */ = {
			isa = PBXGroup;
			children = (
				56B8C3B828B8D0BC0052B2CC /* Builder_File.swift */,
				56C3410728BE1F0A002F18DA /* ViewBuilderWithList */,
			);
			path = ViewBuilder;
			sourceTree = "<group>";
		};
		56C3410728BE1F0A002F18DA /* ViewBuilderWithList */ = {
			isa = PBXGroup;
			children = (
				56C3411328BE4C24002F18DA /* Cell */,
				56C3411028BE497A002F18DA /* Helpers */,
				56C3410828BE1F5B002F18DA /* MainViewBuilder.swift */,
				56C3410A28BE204C002F18DA /* AllList.swift */,
				56C3410C28BE206B002F18DA /* FavouriteList.swift */,
				56C3410E28BE20A8002F18DA /* SearchList.swift */,
			);
			path = ViewBuilderWithList;
			sourceTree = "<group>";
		};
		56C3411028BE497A002F18DA /* Helpers */ = {
			isa = PBXGroup;
			children = (
				56C3411128BE49B5002F18DA /* LandMarkList.swift */,
			);
			path = Helpers;
			sourceTree = "<group>";
		};
		56C3411328BE4C24002F18DA /* Cell */ = {
			isa = PBXGroup;
			children = (
				56C3411428BE4C3E002F18DA /* LandMarkCell.swift */,
			);
			path = Cell;
			sourceTree = "<group>";
		};
		56C4D85E28C6269800F790E6 /* Button */ = {
			isa = PBXGroup;
			children = (
				56C4D85F28C6276100F790E6 /* ButtonView.swift */,
			);
			path = Button;
			sourceTree = "<group>";
		};
		56C6496028C9F433003186EA /* Controls */ = {
			isa = PBXGroup;
			children = (
				56C6496A28CA158B003186EA /* ScrollViewProxy */,
				56C6496728CA0200003186EA /* List */,
				56C6496428C9F7F6003186EA /* TabView */,
				56C6496128C9F51E003186EA /* Stepper */,
				56F20DFC28C9C95E00E5A99D /* Text */,
				5677DC4328C8E329006E4FDC /* Toggle */,
				5677DC4028C8E292006E4FDC /* TextEditor */,
				5677DC3D28C8DE13006E4FDC /* ColorPicker */,
				5677DC3A28C8DD58006E4FDC /* ProgressView */,
				5677DC3728C8D4F7006E4FDC /* OutlineGroup */,
				5677DC3428C8BAF4006E4FDC /* Menu */,
				5677DC3128C8B76D006E4FDC /* Link */,
				5677DC2E28C8AFF6006E4FDC /* GroupBox */,
				569D7F9E28C7986000E0BA4A /* Form */,
				569D7F9B28C7940100E0BA4A /* DisclosureGroup */,
				569D7F9A28C78CEF00E0BA4A /* Label */,
				569D7F9528C72D7400E0BA4A /* TextField */,
				56C4D85E28C6269800F790E6 /* Button */,
			);
			path = Controls;
			sourceTree = "<group>";
		};
		56C6496128C9F51E003186EA /* Stepper */ = {
			isa = PBXGroup;
			children = (
				56C6496228C9F539003186EA /* Stepper_View.swift */,
			);
			path = Stepper;
			sourceTree = "<group>";
		};
		56C6496428C9F7F6003186EA /* TabView */ = {
			isa = PBXGroup;
			children = (
				56C6496528C9F805003186EA /* TabView_View.swift */,
			);
			path = TabView;
			sourceTree = "<group>";
		};
		56C6496728CA0200003186EA /* List */ = {
			isa = PBXGroup;
			children = (
				56C6496828CA0212003186EA /* List_View.swift */,
			);
			path = List;
			sourceTree = "<group>";
		};
		56C6496A28CA158B003186EA /* ScrollViewProxy */ = {
			isa = PBXGroup;
			children = (
				56C6496B28CA159C003186EA /* ScrollViewProxy.swift */,
			);
			path = ScrollViewProxy;
			sourceTree = "<group>";
		};
		56F20DFC28C9C95E00E5A99D /* Text */ = {
			isa = PBXGroup;
			children = (
				56F20DFD28C9C96F00E5A99D /* Text_View.swift */,
			);
			path = Text;
			sourceTree = "<group>";
		};
/* End PBXGroup section */

/* Begin PBXNativeTarget section */
		56B8C3A228B8CD020052B2CC /* SwiftUIComponent */ = {
			isa = PBXNativeTarget;
			buildConfigurationList = 56B8C3B128B8CD040052B2CC /* Build configuration list for PBXNativeTarget "SwiftUIComponent" */;
			buildPhases = (
				56B8C39F28B8CD020052B2CC /* Sources */,
				56B8C3A028B8CD020052B2CC /* Frameworks */,
				56B8C3A128B8CD020052B2CC /* Resources */,
			);
			buildRules = (
			);
			dependencies = (
			);
			name = SwiftUIComponent;
			productName = SwiftUIComponent;
			productReference = 56B8C3A328B8CD020052B2CC /* SwiftUIComponent.app */;
			productType = "com.apple.product-type.application";
		};
/* End PBXNativeTarget section */

/* Begin PBXProject section */
		56B8C39B28B8CD020052B2CC /* Project object */ = {
			isa = PBXProject;
			attributes = {
				BuildIndependentTargetsInParallel = 1;
				LastSwiftUpdateCheck = 1330;
				LastUpgradeCheck = 1330;
				TargetAttributes = {
					56B8C3A228B8CD020052B2CC = {
						CreatedOnToolsVersion = 13.3.1;
					};
				};
			};
			buildConfigurationList = 56B8C39E28B8CD020052B2CC /* Build configuration list for PBXProject "SwiftUIComponent" */;
			compatibilityVersion = "Xcode 13.0";
			developmentRegion = en;
			hasScannedForEncodings = 0;
			knownRegions = (
				en,
				Base,
			);
			mainGroup = 56B8C39A28B8CD020052B2CC;
			productRefGroup = 56B8C3A428B8CD020052B2CC /* Products */;
			projectDirPath = "";
			projectRoot = "";
			targets = (
				56B8C3A228B8CD020052B2CC /* SwiftUIComponent */,
			);
		};
/* End PBXProject section */

/* Begin PBXResourcesBuildPhase section */
		56B8C3A128B8CD020052B2CC /* Resources */ = {
			isa = PBXResourcesBuildPhase;
			buildActionMask = 2147483647;
			files = (
				56B8C3AE28B8CD040052B2CC /* Preview Assets.xcassets in Resources */,
				56B8C3AB28B8CD040052B2CC /* Assets.xcassets in Resources */,
				56C3410228BE1E1C002F18DA /* landmarkData.json in Resources */,
			);
			runOnlyForDeploymentPostprocessing = 0;
		};
/* End PBXResourcesBuildPhase section */

/* Begin PBXSourcesBuildPhase section */
		56B8C39F28B8CD020052B2CC /* Sources */ = {
			isa = PBXSourcesBuildPhase;
			buildActionMask = 2147483647;
			files = (
				5677DC3C28C8DD6A006E4FDC /* ProgressView_View.swift in Sources */,
				5677DC3328C8B781006E4FDC /* Link_View.swift in Sources */,
				56B8C3A928B8CD020052B2CC /* ContentView.swift in Sources */,
				56C3410428BE1ECE002F18DA /* ModelData.swift in Sources */,
				56C3410F28BE20A8002F18DA /* SearchList.swift in Sources */,
				5677DC3928C8D50C006E4FDC /* OutlineGroup_View.swift in Sources */,
				5617B75328C0C9D8009C1613 /* TextModifires.swift in Sources */,
				5677DC3028C8B005006E4FDC /* GroupBox_View.swift in Sources */,
				569D7F9928C78CE800E0BA4A /* Label_View.swift in Sources */,
				56C4D86028C6276100F790E6 /* ButtonView.swift in Sources */,
				5617B75028C0C597009C1613 /* ViewModifireView.swift in Sources */,
				56B8C3B928B8D0BC0052B2CC /* Builder_File.swift in Sources */,
				56B8C3A728B8CD020052B2CC /* SwiftUIComponentApp.swift in Sources */,
				569D7F9D28C7941500E0BA4A /* DisclosureGroup_View.swift in Sources */,
				5677DC3F28C8DE21006E4FDC /* ColorPicker_View.swift in Sources */,
				569D7F9728C72D9300E0BA4A /* TextFieldView.swift in Sources */,
				56C3411228BE49B5002F18DA /* LandMarkList.swift in Sources */,
				5677DC4528C8E33D006E4FDC /* Toggle.swift in Sources */,
				56C3411528BE4C3E002F18DA /* LandMarkCell.swift in Sources */,
				56C6496328C9F539003186EA /* Stepper_View.swift in Sources */,
				5617B75528C0CB72009C1613 /* GeneralModifire.swift in Sources */,
				5617B74D28C0B53B009C1613 /* Modifire_File.swift in Sources */,
				56C3410628BE1EEA002F18DA /* Landmark.swift in Sources */,
				5677DC3628C8BB09006E4FDC /* Menu_View.swift in Sources */,
				56C6496C28CA159C003186EA /* ScrollViewProxy.swift in Sources */,
				56C3410928BE1F5B002F18DA /* MainViewBuilder.swift in Sources */,
				56C6496628C9F805003186EA /* TabView_View.swift in Sources */,
				56C3410B28BE204C002F18DA /* AllList.swift in Sources */,
				56F20DFE28C9C96F00E5A99D /* Text_View.swift in Sources */,
				56F9325328C2397500A6679E /* ComponentsDetails.swift in Sources */,
				56C3410D28BE206B002F18DA /* FavouriteList.swift in Sources */,
				5677DC4228C8E2AD006E4FDC /* TextEditor_View.swift in Sources */,
				569D7FA028C7987700E0BA4A /* Form_View.swift in Sources */,
				56C6496928CA0212003186EA /* List_View.swift in Sources */,
			);
			runOnlyForDeploymentPostprocessing = 0;
		};
/* End PBXSourcesBuildPhase section */

/* Begin XCBuildConfiguration section */
		56B8C3AF28B8CD040052B2CC /* Debug */ = {
			isa = XCBuildConfiguration;
			buildSettings = {
				ALWAYS_SEARCH_USER_PATHS = NO;
				CLANG_ANALYZER_NONNULL = YES;
				CLANG_ANALYZER_NUMBER_OBJECT_CONVERSION = YES_AGGRESSIVE;
				CLANG_CXX_LANGUAGE_STANDARD = "gnu++17";
				CLANG_ENABLE_MODULES = YES;
				CLANG_ENABLE_OBJC_ARC = YES;
				CLANG_ENABLE_OBJC_WEAK = YES;
				CLANG_WARN_BLOCK_CAPTURE_AUTORELEASING = YES;
				CLANG_WARN_BOOL_CONVERSION = YES;
				CLANG_WARN_COMMA = YES;
				CLANG_WARN_CONSTANT_CONVERSION = YES;
				CLANG_WARN_DEPRECATED_OBJC_IMPLEMENTATIONS = YES;
				CLANG_WARN_DIRECT_OBJC_ISA_USAGE = YES_ERROR;
				CLANG_WARN_DOCUMENTATION_COMMENTS = YES;
				CLANG_WARN_EMPTY_BODY = YES;
				CLANG_WARN_ENUM_CONVERSION = YES;
				CLANG_WARN_INFINITE_RECURSION = YES;
				CLANG_WARN_INT_CONVERSION = YES;
				CLANG_WARN_NON_LITERAL_NULL_CONVERSION = YES;
				CLANG_WARN_OBJC_IMPLICIT_RETAIN_SELF = YES;
				CLANG_WARN_OBJC_LITERAL_CONVERSION = YES;
				CLANG_WARN_OBJC_ROOT_CLASS = YES_ERROR;
				CLANG_WARN_QUOTED_INCLUDE_IN_FRAMEWORK_HEADER = YES;
				CLANG_WARN_RANGE_LOOP_ANALYSIS = YES;
				CLANG_WARN_STRICT_PROTOTYPES = YES;
				CLANG_WARN_SUSPICIOUS_MOVE = YES;
				CLANG_WARN_UNGUARDED_AVAILABILITY = YES_AGGRESSIVE;
				CLANG_WARN_UNREACHABLE_CODE = YES;
				CLANG_WARN__DUPLICATE_METHOD_MATCH = YES;
				COPY_PHASE_STRIP = NO;
				DEBUG_INFORMATION_FORMAT = dwarf;
				ENABLE_STRICT_OBJC_MSGSEND = YES;
				ENABLE_TESTABILITY = YES;
				GCC_C_LANGUAGE_STANDARD = gnu11;
				GCC_DYNAMIC_NO_PIC = NO;
				GCC_NO_COMMON_BLOCKS = YES;
				GCC_OPTIMIZATION_LEVEL = 0;
				GCC_PREPROCESSOR_DEFINITIONS = (
					"DEBUG=1",
					"$(inherited)",
				);
				GCC_WARN_64_TO_32_BIT_CONVERSION = YES;
				GCC_WARN_ABOUT_RETURN_TYPE = YES_ERROR;
				GCC_WARN_UNDECLARED_SELECTOR = YES;
				GCC_WARN_UNINITIALIZED_AUTOS = YES_AGGRESSIVE;
				GCC_WARN_UNUSED_FUNCTION = YES;
				GCC_WARN_UNUSED_VARIABLE = YES;
				IPHONEOS_DEPLOYMENT_TARGET = 15.4;
				MTL_ENABLE_DEBUG_INFO = INCLUDE_SOURCE;
				MTL_FAST_MATH = YES;
				ONLY_ACTIVE_ARCH = YES;
				SDKROOT = iphoneos;
				SWIFT_ACTIVE_COMPILATION_CONDITIONS = DEBUG;
				SWIFT_OPTIMIZATION_LEVEL = "-Onone";
			};
			name = Debug;
		};
		56B8C3B028B8CD040052B2CC /* Release */ = {
			isa = XCBuildConfiguration;
			buildSettings = {
				ALWAYS_SEARCH_USER_PATHS = NO;
				CLANG_ANALYZER_NONNULL = YES;
				CLANG_ANALYZER_NUMBER_OBJECT_CONVERSION = YES_AGGRESSIVE;
				CLANG_CXX_LANGUAGE_STANDARD = "gnu++17";
				CLANG_ENABLE_MODULES = YES;
				CLANG_ENABLE_OBJC_ARC = YES;
				CLANG_ENABLE_OBJC_WEAK = YES;
				CLANG_WARN_BLOCK_CAPTURE_AUTORELEASING = YES;
				CLANG_WARN_BOOL_CONVERSION = YES;
				CLANG_WARN_COMMA = YES;
				CLANG_WARN_CONSTANT_CONVERSION = YES;
				CLANG_WARN_DEPRECATED_OBJC_IMPLEMENTATIONS = YES;
				CLANG_WARN_DIRECT_OBJC_ISA_USAGE = YES_ERROR;
				CLANG_WARN_DOCUMENTATION_COMMENTS = YES;
				CLANG_WARN_EMPTY_BODY = YES;
				CLANG_WARN_ENUM_CONVERSION = YES;
				CLANG_WARN_INFINITE_RECURSION = YES;
				CLANG_WARN_INT_CONVERSION = YES;
				CLANG_WARN_NON_LITERAL_NULL_CONVERSION = YES;
				CLANG_WARN_OBJC_IMPLICIT_RETAIN_SELF = YES;
				CLANG_WARN_OBJC_LITERAL_CONVERSION = YES;
				CLANG_WARN_OBJC_ROOT_CLASS = YES_ERROR;
				CLANG_WARN_QUOTED_INCLUDE_IN_FRAMEWORK_HEADER = YES;
				CLANG_WARN_RANGE_LOOP_ANALYSIS = YES;
				CLANG_WARN_STRICT_PROTOTYPES = YES;
				CLANG_WARN_SUSPICIOUS_MOVE = YES;
				CLANG_WARN_UNGUARDED_AVAILABILITY = YES_AGGRESSIVE;
				CLANG_WARN_UNREACHABLE_CODE = YES;
				CLANG_WARN__DUPLICATE_METHOD_MATCH = YES;
				COPY_PHASE_STRIP = NO;
				DEBUG_INFORMATION_FORMAT = "dwarf-with-dsym";
				ENABLE_NS_ASSERTIONS = NO;
				ENABLE_STRICT_OBJC_MSGSEND = YES;
				GCC_C_LANGUAGE_STANDARD = gnu11;
				GCC_NO_COMMON_BLOCKS = YES;
				GCC_WARN_64_TO_32_BIT_CONVERSION = YES;
				GCC_WARN_ABOUT_RETURN_TYPE = YES_ERROR;
				GCC_WARN_UNDECLARED_SELECTOR = YES;
				GCC_WARN_UNINITIALIZED_AUTOS = YES_AGGRESSIVE;
				GCC_WARN_UNUSED_FUNCTION = YES;
				GCC_WARN_UNUSED_VARIABLE = YES;
				IPHONEOS_DEPLOYMENT_TARGET = 15.4;
				MTL_ENABLE_DEBUG_INFO = NO;
				MTL_FAST_MATH = YES;
				SDKROOT = iphoneos;
				SWIFT_COMPILATION_MODE = wholemodule;
				SWIFT_OPTIMIZATION_LEVEL = "-O";
				VALIDATE_PRODUCT = YES;
			};
			name = Release;
		};
		56B8C3B228B8CD040052B2CC /* Debug */ = {
			isa = XCBuildConfiguration;
			buildSettings = {
				ASSETCATALOG_COMPILER_APPICON_NAME = AppIcon;
				ASSETCATALOG_COMPILER_GLOBAL_ACCENT_COLOR_NAME = AccentColor;
				CODE_SIGN_STYLE = Automatic;
				CURRENT_PROJECT_VERSION = 1;
				DEVELOPMENT_ASSET_PATHS = "\"SwiftUIComponent/Preview Content\"";
				ENABLE_PREVIEWS = YES;
				GENERATE_INFOPLIST_FILE = YES;
				INFOPLIST_KEY_UIApplicationSceneManifest_Generation = YES;
				INFOPLIST_KEY_UIApplicationSupportsIndirectInputEvents = YES;
				INFOPLIST_KEY_UILaunchScreen_Generation = YES;
				INFOPLIST_KEY_UISupportedInterfaceOrientations_iPad = "UIInterfaceOrientationPortrait UIInterfaceOrientationPortraitUpsideDown UIInterfaceOrientationLandscapeLeft UIInterfaceOrientationLandscapeRight";
				INFOPLIST_KEY_UISupportedInterfaceOrientations_iPhone = "UIInterfaceOrientationPortrait UIInterfaceOrientationLandscapeLeft UIInterfaceOrientationLandscapeRight";
				LD_RUNPATH_SEARCH_PATHS = (
					"$(inherited)",
					"@executable_path/Frameworks",
				);
				MARKETING_VERSION = 1.0;
				PRODUCT_BUNDLE_IDENTIFIER = com.app.SwiftUIComponent.SwiftUIComponent;
				PRODUCT_NAME = "$(TARGET_NAME)";
				SWIFT_EMIT_LOC_STRINGS = YES;
				SWIFT_VERSION = 5.0;
				TARGETED_DEVICE_FAMILY = "1,2";
			};
			name = Debug;
		};
		56B8C3B328B8CD040052B2CC /* Release */ = {
			isa = XCBuildConfiguration;
			buildSettings = {
				ASSETCATALOG_COMPILER_APPICON_NAME = AppIcon;
				ASSETCATALOG_COMPILER_GLOBAL_ACCENT_COLOR_NAME = AccentColor;
				CODE_SIGN_STYLE = Automatic;
				CURRENT_PROJECT_VERSION = 1;
				DEVELOPMENT_ASSET_PATHS = "\"SwiftUIComponent/Preview Content\"";
				ENABLE_PREVIEWS = YES;
				GENERATE_INFOPLIST_FILE = YES;
				INFOPLIST_KEY_UIApplicationSceneManifest_Generation = YES;
				INFOPLIST_KEY_UIApplicationSupportsIndirectInputEvents = YES;
				INFOPLIST_KEY_UILaunchScreen_Generation = YES;
				INFOPLIST_KEY_UISupportedInterfaceOrientations_iPad = "UIInterfaceOrientationPortrait UIInterfaceOrientationPortraitUpsideDown UIInterfaceOrientationLandscapeLeft UIInterfaceOrientationLandscapeRight";
				INFOPLIST_KEY_UISupportedInterfaceOrientations_iPhone = "UIInterfaceOrientationPortrait UIInterfaceOrientationLandscapeLeft UIInterfaceOrientationLandscapeRight";
				LD_RUNPATH_SEARCH_PATHS = (
					"$(inherited)",
					"@executable_path/Frameworks",
				);
				MARKETING_VERSION = 1.0;
				PRODUCT_BUNDLE_IDENTIFIER = com.app.SwiftUIComponent.SwiftUIComponent;
				PRODUCT_NAME = "$(TARGET_NAME)";
				SWIFT_EMIT_LOC_STRINGS = YES;
				SWIFT_VERSION = 5.0;
				TARGETED_DEVICE_FAMILY = "1,2";
			};
			name = Release;
		};
/* End XCBuildConfiguration section */

/* Begin XCConfigurationList section */
		56B8C39E28B8CD020052B2CC /* Build configuration list for PBXProject "SwiftUIComponent" */ = {
			isa = XCConfigurationList;
			buildConfigurations = (
				56B8C3AF28B8CD040052B2CC /* Debug */,
				56B8C3B028B8CD040052B2CC /* Release */,
			);
			defaultConfigurationIsVisible = 0;
			defaultConfigurationName = Release;
		};
		56B8C3B128B8CD040052B2CC /* Build configuration list for PBXNativeTarget "SwiftUIComponent" */ = {
			isa = XCConfigurationList;
			buildConfigurations = (
				56B8C3B228B8CD040052B2CC /* Debug */,
				56B8C3B328B8CD040052B2CC /* Release */,
			);
			defaultConfigurationIsVisible = 0;
			defaultConfigurationName = Release;
		};
/* End XCConfigurationList section */
	};
	rootObject = 56B8C39B28B8CD020052B2CC /* Project object */;
}
